
Microsoft Visual Studio Solution File, Format Version 12.00
# Visual Studio Version 16
VisualStudioVersion = 16.0.31515.178
MinimumVisualStudioVersion = 10.0.40219.1
Project("{8BC9CEB8-8B4A-11D0-8D11-00A0C91BC942}") = "Obrabotka Isklucheniy", "Obrabotka Isklucheniy\Obrabotka Isklucheniy.vcxproj", "{0F165B4E-8442-44C1-B477-4749C1B9C677}"
EndProject
Global
	GlobalSection(SolutionConfigurationPlatforms) = preSolution
		Debug|x64 = Debug|x64
		Debug|x86 = Debug|x86
		Release|x64 = Release|x64
		Release|x86 = Release|x86
	EndGlobalSection
	GlobalSection(ProjectConfigurationPlatforms) = postSolution
		{0F165B4E-8442-44C1-B477-4749C1B9C677}.Debug|x64.ActiveCfg = Debug|x64
		{0F165B4E-8442-44C1-B477-4749C1B9C677}.Debug|x64.Build.0 = Debug|x64
		{0F165B4E-8442-44C1-B477-4749C1B9C677}.Debug|x86.ActiveCfg = Debug|Win32
		{0F165B4E-8442-44C1-B477-4749C1B9C677}.Debug|x86.Build.0 = Debug|Win32
		{0F165B4E-8442-44C1-B477-4749C1B9C677}.Release|x64.ActiveCfg = Release|x64
		{0F165B4E-8442-44C1-B477-4749C1B9C677}.Release|x64.Build.0 = Release|x64
		{0F165B4E-8442-44C1-B477-4749C1B9C677}.Release|x86.ActiveCfg = Release|Win32
		{0F165B4E-8442-44C1-B477-4749C1B9C677}.Release|x86.Build.0 = Release|Win32
	EndGlobalSection
	GlobalSection(SolutionProperties) = preSolution
		HideSolutionNode = FALSE
	EndGlobalSection
	GlobalSection(ExtensibilityGlobals) = postSolution
		SolutionGuid = {E03999F7-3E7A-47ED-BF7D-FC874AE807D0}
	EndGlobalSection
EndGlobal
